
Microsoft Visual Studio Solution File, Format Version 12.00
# Visual Studio Version 17
VisualStudioVersion = 17.4.33205.214
MinimumVisualStudioVersion = 10.0.40219.1
Project("{9A19103F-16F7-4668-BE54-9A1E7A4F7556}") = "FirstDemo.Web", "FirstDemo.Web\FirstDemo.Web.csproj", "{6F3BA9CF-30B9-4622-93DB-85BFF42C2724}"
EndProject
Project("{9A19103F-16F7-4668-BE54-9A1E7A4F7556}") = "FirstDemo.Domain", "FirstDemo.Domain\FirstDemo.Domain.csproj", "{397FE0C2-219D-4CBA-8B91-2C12ACADA0D6}"
EndProject
Project("{9A19103F-16F7-4668-BE54-9A1E7A4F7556}") = "FirstDemo.Application", "FirstDemo.Application\FirstDemo.Application.csproj", "{3C58D1D5-E2BF-45C6-89C9-C653C48EA3DA}"
EndProject
Project("{9A19103F-16F7-4668-BE54-9A1E7A4F7556}") = "FirstDemo.Persistence", "FirstDemo.Persistence\FirstDemo.Persistence.csproj", "{625CAFE9-8DD0-4C3C-96EE-42752E973E0E}"
EndProject
Project("{FAE04EC0-301F-11D3-BF4B-00C04F79EFBC}") = "FirstDemo.Infrastructure", "FirstDemo.Infrastructure\FirstDemo.Infrastructure.csproj", "{BA989109-E01F-49AD-9D95-3746719045F2}"
EndProject
Global
	GlobalSection(SolutionConfigurationPlatforms) = preSolution
		Debug|Any CPU = Debug|Any CPU
		Release|Any CPU = Release|Any CPU
	EndGlobalSection
	GlobalSection(ProjectConfigurationPlatforms) = postSolution
		{6F3BA9CF-30B9-4622-93DB-85BFF42C2724}.Debug|Any CPU.ActiveCfg = Debug|Any CPU
		{6F3BA9CF-30B9-4622-93DB-85BFF42C2724}.Debug|Any CPU.Build.0 = Debug|Any CPU
		{6F3BA9CF-30B9-4622-93DB-85BFF42C2724}.Release|Any CPU.ActiveCfg = Release|Any CPU
		{6F3BA9CF-30B9-4622-93DB-85BFF42C2724}.Release|Any CPU.Build.0 = Release|Any CPU
		{397FE0C2-219D-4CBA-8B91-2C12ACADA0D6}.Debug|Any CPU.ActiveCfg = Debug|Any CPU
		{397FE0C2-219D-4CBA-8B91-2C12ACADA0D6}.Debug|Any CPU.Build.0 = Debug|Any CPU
		{397FE0C2-219D-4CBA-8B91-2C12ACADA0D6}.Release|Any CPU.ActiveCfg = Release|Any CPU
		{397FE0C2-219D-4CBA-8B91-2C12ACADA0D6}.Release|Any CPU.Build.0 = Release|Any CPU
		{3C58D1D5-E2BF-45C6-89C9-C653C48EA3DA}.Debug|Any CPU.ActiveCfg = Debug|Any CPU
		{3C58D1D5-E2BF-45C6-89C9-C653C48EA3DA}.Debug|Any CPU.Build.0 = Debug|Any CPU
		{3C58D1D5-E2BF-45C6-89C9-C653C48EA3DA}.Release|Any CPU.ActiveCfg = Release|Any CPU
		{3C58D1D5-E2BF-45C6-89C9-C653C48EA3DA}.Release|Any CPU.Build.0 = Release|Any CPU
		{625CAFE9-8DD0-4C3C-96EE-42752E973E0E}.Debug|Any CPU.ActiveCfg = Debug|Any CPU
		{625CAFE9-8DD0-4C3C-96EE-42752E973E0E}.Debug|Any CPU.Build.0 = Debug|Any CPU
		{625CAFE9-8DD0-4C3C-96EE-42752E973E0E}.Release|Any CPU.ActiveCfg = Release|Any CPU
		{625CAFE9-8DD0-4C3C-96EE-42752E973E0E}.Release|Any CPU.Build.0 = Release|Any CPU
		{BA989109-E01F-49AD-9D95-3746719045F2}.Debug|Any CPU.ActiveCfg = Debug|Any CPU
		{BA989109-E01F-49AD-9D95-3746719045F2}.Debug|Any CPU.Build.0 = Debug|Any CPU
		{BA989109-E01F-49AD-9D95-3746719045F2}.Release|Any CPU.ActiveCfg = Release|Any CPU
		{BA989109-E01F-49AD-9D95-3746719045F2}.Release|Any CPU.Build.0 = Release|Any CPU
	EndGlobalSection
	GlobalSection(SolutionProperties) = preSolution
		HideSolutionNode = FALSE
	EndGlobalSection
	GlobalSection(ExtensibilityGlobals) = postSolution
		SolutionGuid = {33C72729-F990-49E5-8743-ED0707D848F9}
	EndGlobalSection
EndGlobal
